
Microsoft Visual Studio Solution File, Format Version 12.00
# Visual Studio Version 16
VisualStudioVersion = 16.0.30621.155
MinimumVisualStudioVersion = 10.0.40219.1
Project("{9A19103F-16F7-4668-BE54-9A1E7A4F7556}") = "cms_server", "cms_server\cms_server.csproj", "{D068941A-197F-472B-95D9-5E0A5B8A6735}"
EndProject
Global
	GlobalSection(SolutionConfigurationPlatforms) = preSolution
		Debug|Any CPU = Debug|Any CPU
		Release|Any CPU = Release|Any CPU
	EndGlobalSection
	GlobalSection(ProjectConfigurationPlatforms) = postSolution
		{D068941A-197F-472B-95D9-5E0A5B8A6735}.Debug|Any CPU.ActiveCfg = Debug|Any CPU
		{D068941A-197F-472B-95D9-5E0A5B8A6735}.Debug|Any CPU.Build.0 = Debug|Any CPU
		{D068941A-197F-472B-95D9-5E0A5B8A6735}.Release|Any CPU.ActiveCfg = Release|Any CPU
		{D068941A-197F-472B-95D9-5E0A5B8A6735}.Release|Any CPU.Build.0 = Release|Any CPU
	EndGlobalSection
	GlobalSection(SolutionProperties) = preSolution
		HideSolutionNode = FALSE
	EndGlobalSection
	GlobalSection(ExtensibilityGlobals) = postSolution
		SolutionGuid = {D7154158-6094-4D96-8373-BE296CD9F68F}
	EndGlobalSection
EndGlobal
